# THIS IS AN AUTOGENERATED FILE. DO NOT EDIT THIS FILE DIRECTLY.
# yarn lockfile v1


arg@^4.1.0:
  version "4.1.3"
  resolved "https://registry.npm.taobao.org/arg/download/arg-4.1.3.tgz#269fc7ad5b8e42cb63c896d5666017261c144089"
  integrity sha1-Jp/HrVuOQstjyJbVZmAXJhwUQIk=

buffer-from@^1.0.0:
  version "1.1.1"
  resolved "https://registry.npm.taobao.org/buffer-from/download/buffer-from-1.1.1.tgz#32713bc028f75c02fdb710d7c7bcec1f2c6070ef"
  integrity sha1-MnE7wCj3XAL9txDXx7zsHyxgcO8=

define-properties@^1.1.3:
  version "1.1.3"
  resolved "https://registry.npm.taobao.org/define-properties/download/define-properties-1.1.3.tgz#cf88da6cbee26fe6db7094f61d870cbd84cee9f1"
  integrity sha1-z4jabL7ib+bbcJT2HYcMvYTO6fE=
  dependencies:
    object-keys "^1.0.12"

diff@^4.0.1:
  version "4.0.2"
  resolved "https://registry.npm.taobao.org/diff/download/diff-4.0.2.tgz?cache=0&sync_timestamp=1578918906925&other_urls=https%3A%2F%2Fregistry.npm.taobao.org%2Fdiff%2Fdownload%2Fdiff-4.0.2.tgz#60f3aecb89d5fae520c11aa19efc2bb982aade7d"
  integrity sha1-YPOuy4nV+uUgwRqhnvwruYKq3n0=

globalthis@^1.0.1:
  version "1.0.1"
  resolved "https://registry.npm.taobao.org/globalthis/download/globalthis-1.0.1.tgz?cache=0&sync_timestamp=1577757192221&other_urls=https%3A%2F%2Fregistry.npm.taobao.org%2Fglobalthis%2Fdownload%2Fglobalthis-1.0.1.tgz#40116f5d9c071f9e8fb0037654df1ab3a83b7ef9"
  integrity sha1-QBFvXZwHH56PsAN2VN8as6g7fvk=
  dependencies:
    define-properties "^1.1.3"

js-md5@^0.7.3:
  version "0.7.3"
  resolved "https://registry.npm.taobao.org/js-md5/download/js-md5-0.7.3.tgz#b4f2fbb0b327455f598d6727e38ec272cd09c3f2"
  integrity sha1-tPL7sLMnRV9ZjWcn447Ccs0Jw/I=

make-error@^1.1.1:
  version "1.3.5"
  resolved "https://registry.npm.taobao.org/make-error/download/make-error-1.3.5.tgz#efe4e81f6db28cadd605c70f29c831b58ef776c8"
  integrity sha1-7+ToH22yjK3WBccPKcgxtY73dsg=

object-keys@^1.0.12:
  version "1.1.1"
  resolved "https://registry.npm.taobao.org/object-keys/download/object-keys-1.1.1.tgz#1c47f272df277f3b1daf061677d9c82e2322c60e"
  integrity sha1-HEfyct8nfzsdrwYWd9nILiMixg4=

overts@^1.0.1:
  version "1.0.1"
  resolved "https://registry.npm.taobao.org/overts/download/overts-1.0.1.tgz#53d6e1499555409e237e2ab5090306d520591824"
  integrity sha1-U9bhSZVVQJ4jfiq1CQMG1SBZGCQ=
  dependencies:
    globalthis "^1.0.1"
    js-md5 "^0.7.3"
    ts-node "^8.6.2"
    typescript "^3.7.5"
    uuid "^3.4.0"

source-map-support@^0.5.6:
  version "0.5.16"
  resolved "https://registry.npm.taobao.org/source-map-support/download/source-map-support-0.5.16.tgz#0ae069e7fe3ba7538c64c98515e35339eac5a042"
  integrity sha1-CuBp5/47p1OMZMmFFeNTOerFoEI=
  dependencies:
    buffer-from "^1.0.0"
    source-map "^0.6.0"

source-map@^0.6.0:
  version "0.6.1"
  resolved "https://registry.npm.taobao.org/source-map/download/source-map-0.6.1.tgz#74722af32e9614e9c287a8d0bbde48b5e2f1a263"
  integrity sha1-dHIq8y6WFOnCh6jQu95IteLxomM=

ts-node@^8.6.2:
  version "8.6.2"
  resolved "https://registry.npm.taobao.org/ts-node/download/ts-node-8.6.2.tgz#7419a01391a818fbafa6f826a33c1a13e9464e35"
  integrity sha1-dBmgE5GoGPuvpvgmozwaE+lGTjU=
  dependencies:
    arg "^4.1.0"
    diff "^4.0.1"
    make-error "^1.1.1"
    source-map-support "^0.5.6"
    yn "3.1.1"

typescript@^3.7.5:
  version "3.7.5"
  resolved "https://registry.npm.taobao.org/typescript/download/typescript-3.7.5.tgz?cache=0&sync_timestamp=1581751021022&other_urls=https%3A%2F%2Fregistry.npm.taobao.org%2Ftypescript%2Fdownload%2Ftypescript-3.7.5.tgz#0692e21f65fd4108b9330238aac11dd2e177a1ae"
  integrity sha1-BpLiH2X9QQi5MwI4qsEd0uF3oa4=

uuid@^3.4.0:
  version "3.4.0"
  resolved "https://registry.npm.taobao.org/uuid/download/uuid-3.4.0.tgz#b23e4358afa8a202fe7a100af1f5f883f02007ee"
  integrity sha1-sj5DWK+oogL+ehAK8fX4g/AgB+4=

yn@3.1.1:
  version "3.1.1"
  resolved "https://registry.npm.taobao.org/yn/download/yn-3.1.1.tgz#1e87401a09d767c1d5eab26a6e4c185182d2eb50"
  integrity sha1-HodAGgnXZ8HV6rJqbkwYUYLS61A=
